
Microsoft Visual Studio Solution File, Format Version 12.00
# Visual Studio Version 16
VisualStudioVersion = 16.0.32106.194
MinimumVisualStudioVersion = 10.0.40219.1
Project("{FAE04EC0-301F-11D3-BF4B-00C04F79EFBC}") = "RevitAPIFurniture", "RevitAPIFurniture.csproj", "{B59D9E6B-8419-4780-B582-F9641E87F65E}"
EndProject
Global
	GlobalSection(SolutionConfigurationPlatforms) = preSolution
		Debug|Any CPU = Debug|Any CPU
		Release|Any CPU = Release|Any CPU
	EndGlobalSection
	GlobalSection(ProjectConfigurationPlatforms) = postSolution
		{B59D9E6B-8419-4780-B582-F9641E87F65E}.Debug|Any CPU.ActiveCfg = Debug|Any CPU
		{B59D9E6B-8419-4780-B582-F9641E87F65E}.Debug|Any CPU.Build.0 = Debug|Any CPU
		{B59D9E6B-8419-4780-B582-F9641E87F65E}.Release|Any CPU.ActiveCfg = Release|Any CPU
		{B59D9E6B-8419-4780-B582-F9641E87F65E}.Release|Any CPU.Build.0 = Release|Any CPU
	EndGlobalSection
	GlobalSection(SolutionProperties) = preSolution
		HideSolutionNode = FALSE
	EndGlobalSection
	GlobalSection(ExtensibilityGlobals) = postSolution
		SolutionGuid = {4BDB06B7-505D-4E6A-9914-3217E63E04AD}
	EndGlobalSection
EndGlobal
